github.com/cenkalti/backoff v1.1.0 h1:QnvVp8ikKCDWOsFheytRCoYWYPO/ObCTBGxT19Hc+yE=
github.com/cenkalti/backoff v2.2.1+incompatible h1:tNowT99t7UNflLxfYYSlKYsBpXdEet03Pg2g16Swow4=
github.com/cenkalti/backoff/v4 v4.1.0 h1:c8LkOFQTzuO0WBM/ae5HdGQuZPfPxp7lqBRwQRm4fSc=
github.com/cenkalti/backoff/v4 v4.1.0/go.mod h1:scbssz8iZGpm3xbr14ovlUdkxfGXNInqkPWOWmG2CLw=
github.com/dustin/go-humanize v1.0.0 h1:VSnTsYCnlFHaM2/igO1h6X3HA71jcobQuxemgkq4zYo=
github.com/dustin/go-humanize v1.0.0/go.mod h1:HtrtbFcZ19U5GC7JDqmcUSB87Iq5E25KnS6fMYU6eOk=
github.com/elastic/go-elasticsearch v0.0.0 h1:Pd5fqOuBxKxv83b0+xOAJDAkziWYwFinWnBO0y+TZaA=
github.com/elastic/go-elasticsearch/v7 v7.9.0 h1:UEau+a1MiiE/F+UrDj60kqIHFWdzU1M2y/YtBU2NC2M=
github.com/elastic/go-elasticsearch/v7 v7.9.0/go.mod h1:OJ4wdbtDNk5g503kvlHLyErCgQwwzmDtaFC4XyOxXA4=
github.com/kozgot/go-log-processing v0.0.0-20201104090528-2ff95c9c310e h1:VYRLUOYslSfL2ZOLUTVAYDX6TNi/IEwvN8LpMbEP1jQ=
