github.com/kozgot/go-log-processing v0.0.0-20210923150309-254ee614f720 h1:w1HQNe40CccwR0D/qVWZf5bfpb6uLD0LyZRtW42CE8M=
github.com/kozgot/go-log-processing/parser v0.0.0-20210923150309-254ee614f720 h1:yPGDJGRd7hjJM8ROw3FESkByr4Vw/+PMNyvtPTqE8pU=
github.com/kozgot/go-log-processing/parser v0.0.0-20210923150309-254ee614f720/go.mod h1:RpxSKDPQlJfOTfB3uNo0kzwATi8bmPZgQ1vioYE4/4A=
github.com/streadway/amqp v1.0.0 h1:kuuDrUJFZL1QYL9hUNuCxNObNzB0bV/ZG5jV3RWAQgo=
github.com/streadway/amqp v1.0.0/go.mod h1:AZpEONHx3DKn8O/DFsRAY58/XVQiIPMTMB1SddzLXVw=
